Microsoft Visual Studio Solution File, Format Version 11.00
# Visual Studio 2008

Project("{7F5CAA8A-8728-4F8C-EE23-D8CC9FEE813B}") = "FathersLegacy", "Assembly-CSharp.csproj", "{BD014CA6-CF81-0A25-0F2A-1AA0776233E5}"
EndProject
Project("{7F5CAA8A-8728-4F8C-EE23-D8CC9FEE813B}") = "FathersLegacy", "Assembly-CSharp-Editor.csproj", "{1BE38C68-85DE-2164-A1D6-0B8D5849F0E6}"
EndProject
Project("{7F5CAA8A-8728-4F8C-EE23-D8CC9FEE813B}") = "FathersLegacy", "Assembly-UnityScript.unityproj", "{A470AF3E-9543-4974-6518-7F839FE05A89}"
EndProject
Project("{7F5CAA8A-8728-4F8C-EE23-D8CC9FEE813B}") = "FathersLegacy", "Assembly-UnityScript-Editor.unityproj", "{50850C78-6379-9E97-3193-2168938A7E28}"
EndProject
Global
	GlobalSection(SolutionConfigurationPlatforms) = preSolution
		Debug|Any CPU = Debug|Any CPU
		Release|Any CPU = Release|Any CPU
	EndGlobalSection
	GlobalSection(ProjectConfigurationPlatforms) = postSolution
		{BD014CA6-CF81-0A25-0F2A-1AA0776233E5}.Debug|Any CPU.ActiveCfg = Debug|Any CPU
		{BD014CA6-CF81-0A25-0F2A-1AA0776233E5}.Debug|Any CPU.Build.0 = Debug|Any CPU
		{BD014CA6-CF81-0A25-0F2A-1AA0776233E5}.Release|Any CPU.ActiveCfg = Release|Any CPU
		{BD014CA6-CF81-0A25-0F2A-1AA0776233E5}.Release|Any CPU.Build.0 = Release|Any CPU
		{1BE38C68-85DE-2164-A1D6-0B8D5849F0E6}.Debug|Any CPU.ActiveCfg = Debug|Any CPU
		{1BE38C68-85DE-2164-A1D6-0B8D5849F0E6}.Debug|Any CPU.Build.0 = Debug|Any CPU
		{1BE38C68-85DE-2164-A1D6-0B8D5849F0E6}.Release|Any CPU.ActiveCfg = Release|Any CPU
		{1BE38C68-85DE-2164-A1D6-0B8D5849F0E6}.Release|Any CPU.Build.0 = Release|Any CPU
		{A470AF3E-9543-4974-6518-7F839FE05A89}.Debug|Any CPU.ActiveCfg = Debug|Any CPU
		{A470AF3E-9543-4974-6518-7F839FE05A89}.Debug|Any CPU.Build.0 = Debug|Any CPU
		{A470AF3E-9543-4974-6518-7F839FE05A89}.Release|Any CPU.ActiveCfg = Release|Any CPU
		{A470AF3E-9543-4974-6518-7F839FE05A89}.Release|Any CPU.Build.0 = Release|Any CPU
		{50850C78-6379-9E97-3193-2168938A7E28}.Debug|Any CPU.ActiveCfg = Debug|Any CPU
		{50850C78-6379-9E97-3193-2168938A7E28}.Debug|Any CPU.Build.0 = Debug|Any CPU
		{50850C78-6379-9E97-3193-2168938A7E28}.Release|Any CPU.ActiveCfg = Release|Any CPU
		{50850C78-6379-9E97-3193-2168938A7E28}.Release|Any CPU.Build.0 = Release|Any CPU
	EndGlobalSection
	GlobalSection(SolutionProperties) = preSolution
		HideSolutionNode = FALSE
	EndGlobalSection
																														GlobalSection(MonoDevelopProperties) = preSolution
		StartupItem = Assembly-CSharp.csproj
		Policies = $0
		$0.TextStylePolicy = $1
		$1.inheritsSet = null
		$1.scope = text/x-csharp
		$0.CSharpFormattingPolicy = $2
		$2.inheritsSet = Mono
		$2.inheritsScope = text/x-csharp
		$2.scope = text/x-csharp
		$0.TextStylePolicy = $3
		$3.FileWidth = 120
		$3.TabWidth = 4
		$3.EolMarker = Unix
		$3.inheritsSet = Mono
		$3.inheritsScope = text/plain
		$3.scope = text/plain
	EndGlobalSection

EndGlobal
