Microsoft Visual Studio Solution File, Format Version 11.00
# Visual Studio 2008

Project("{D2491E1B-671B-E346-F045-43692B7C40D0}") = "TestyOdAgauke_back", "Assembly-CSharp.csproj", "{91E2C8BD-3E10-46D4-380F-9DB0FB8BA83D}"
EndProject
Project("{D2491E1B-671B-E346-F045-43692B7C40D0}") = "TestyOdAgauke_back", "Assembly-CSharp-Editor.csproj", "{5E3AFD5F-490F-F56F-7413-F93D8A2B9DFE}"
EndProject
Project("{D2491E1B-671B-E346-F045-43692B7C40D0}") = "TestyOdAgauke_back", "Assembly-UnityScript.unityproj", "{AABB7813-C8BA-27A8-C5F3-62FC28852041}"
EndProject
Project("{D2491E1B-671B-E346-F045-43692B7C40D0}") = "TestyOdAgauke_back", "Assembly-UnityScript-Editor.unityproj", "{751CFDF6-C7D7-E379-E8BF-A7C5A340C731}"
EndProject
Global
	GlobalSection(SolutionConfigurationPlatforms) = preSolution
		Debug|Any CPU = Debug|Any CPU
		Release|Any CPU = Release|Any CPU
	EndGlobalSection
	GlobalSection(ProjectConfigurationPlatforms) = postSolution
		{91E2C8BD-3E10-46D4-380F-9DB0FB8BA83D}.Debug|Any CPU.ActiveCfg = Debug|Any CPU
		{91E2C8BD-3E10-46D4-380F-9DB0FB8BA83D}.Debug|Any CPU.Build.0 = Debug|Any CPU
		{91E2C8BD-3E10-46D4-380F-9DB0FB8BA83D}.Release|Any CPU.ActiveCfg = Release|Any CPU
		{91E2C8BD-3E10-46D4-380F-9DB0FB8BA83D}.Release|Any CPU.Build.0 = Release|Any CPU
		{5E3AFD5F-490F-F56F-7413-F93D8A2B9DFE}.Debug|Any CPU.ActiveCfg = Debug|Any CPU
		{5E3AFD5F-490F-F56F-7413-F93D8A2B9DFE}.Debug|Any CPU.Build.0 = Debug|Any CPU
		{5E3AFD5F-490F-F56F-7413-F93D8A2B9DFE}.Release|Any CPU.ActiveCfg = Release|Any CPU
		{5E3AFD5F-490F-F56F-7413-F93D8A2B9DFE}.Release|Any CPU.Build.0 = Release|Any CPU
		{AABB7813-C8BA-27A8-C5F3-62FC28852041}.Debug|Any CPU.ActiveCfg = Debug|Any CPU
		{AABB7813-C8BA-27A8-C5F3-62FC28852041}.Debug|Any CPU.Build.0 = Debug|Any CPU
		{AABB7813-C8BA-27A8-C5F3-62FC28852041}.Release|Any CPU.ActiveCfg = Release|Any CPU
		{AABB7813-C8BA-27A8-C5F3-62FC28852041}.Release|Any CPU.Build.0 = Release|Any CPU
		{751CFDF6-C7D7-E379-E8BF-A7C5A340C731}.Debug|Any CPU.ActiveCfg = Debug|Any CPU
		{751CFDF6-C7D7-E379-E8BF-A7C5A340C731}.Debug|Any CPU.Build.0 = Debug|Any CPU
		{751CFDF6-C7D7-E379-E8BF-A7C5A340C731}.Release|Any CPU.ActiveCfg = Release|Any CPU
		{751CFDF6-C7D7-E379-E8BF-A7C5A340C731}.Release|Any CPU.Build.0 = Release|Any CPU
	EndGlobalSection
	GlobalSection(SolutionProperties) = preSolution
		HideSolutionNode = FALSE
	EndGlobalSection
																													GlobalSection(MonoDevelopProperties) = preSolution
		StartupItem = Assembly-CSharp.csproj
		Policies = $0
		$0.TextStylePolicy = $1
		$1.inheritsSet = null
		$1.scope = text/x-csharp
		$0.CSharpFormattingPolicy = $2
		$2.inheritsSet = Mono
		$2.inheritsScope = text/x-csharp
		$2.scope = text/x-csharp
		$0.TextStylePolicy = $3
		$3.FileWidth = 120
		$3.TabWidth = 4
		$3.EolMarker = Unix
		$3.inheritsSet = Mono
		$3.inheritsScope = text/plain
		$3.scope = text/plain
	EndGlobalSection

EndGlobal
